
Microsoft Visual Studio Solution File, Format Version 12.00
# Visual Studio Version 17
VisualStudioVersion = 17.6.33712.159
MinimumVisualStudioVersion = 10.0.40219.1
Project("{9A19103F-16F7-4668-BE54-9A1E7A4F7556}") = "SignalRServer", "SignalRServer\SignalRServer.csproj", "{97508729-43EF-4417-863D-EB7F70CDF0FC}"
EndProject
Project("{9A19103F-16F7-4668-BE54-9A1E7A4F7556}") = "SignalRClient", "SignalRClient\SignalRClient.csproj", "{B7D76A03-0683-428B-9475-993D65C7E564}"
EndProject
Global
	GlobalSection(SolutionConfigurationPlatforms) = preSolution
		Debug|Any CPU = Debug|Any CPU
		Release|Any CPU = Release|Any CPU
	EndGlobalSection
	GlobalSection(ProjectConfigurationPlatforms) = postSolution
		{97508729-43EF-4417-863D-EB7F70CDF0FC}.Debug|Any CPU.ActiveCfg = Debug|Any CPU
		{97508729-43EF-4417-863D-EB7F70CDF0FC}.Debug|Any CPU.Build.0 = Debug|Any CPU
		{97508729-43EF-4417-863D-EB7F70CDF0FC}.Release|Any CPU.ActiveCfg = Release|Any CPU
		{97508729-43EF-4417-863D-EB7F70CDF0FC}.Release|Any CPU.Build.0 = Release|Any CPU
		{B7D76A03-0683-428B-9475-993D65C7E564}.Debug|Any CPU.ActiveCfg = Debug|Any CPU
		{B7D76A03-0683-428B-9475-993D65C7E564}.Debug|Any CPU.Build.0 = Debug|Any CPU
		{B7D76A03-0683-428B-9475-993D65C7E564}.Release|Any CPU.ActiveCfg = Release|Any CPU
		{B7D76A03-0683-428B-9475-993D65C7E564}.Release|Any CPU.Build.0 = Release|Any CPU
	EndGlobalSection
	GlobalSection(SolutionProperties) = preSolution
		HideSolutionNode = FALSE
	EndGlobalSection
	GlobalSection(ExtensibilityGlobals) = postSolution
		SolutionGuid = {5238BD95-28A9-4268-8318-EF908C5AAF87}
	EndGlobalSection
EndGlobal
